<?xml version="1.0" encoding="utf-8"?>
<Project ToolsVersion="4.0" xmlns="http://schemas.microsoft.com/developer/msbuild/2003">
  <ItemGroup>
    <Filter Include="DawnView">
      <UniqueIdentifier>{EA398E85-D606-E990-FF1F-D738EB4B1E1F}</UniqueIdentifier>
    </Filter>
    <Filter Include="DawnView\Events">
      <UniqueIdentifier>{8E5AD661-FAE5-4326-03F7-C61A6F01A026}</UniqueIdentifier>
    </Filter>
  </ItemGroup>
  <ItemGroup>
    <ClInclude Include="src\DawnView.h" />
    <ClInclude Include="src\DawnView\Application.h">
      <Filter>DawnView</Filter>
    </ClInclude>
    <ClInclude Include="src\DawnView\Core.h">
      <Filter>DawnView</Filter>
    </ClInclude>
    <ClInclude Include="src\DawnView\EntryPoint.h">
      <Filter>DawnView</Filter>
    </ClInclude>
    <ClInclude Include="src\DawnView\Events\ApplicationEvent.h">
      <Filter>DawnView\Events</Filter>
    </ClInclude>
    <ClInclude Include="src\DawnView\Events\Event.h">
      <Filter>DawnView\Events</Filter>
    </ClInclude>
    <ClInclude Include="src\DawnView\Events\KeyEvent.h">
      <Filter>DawnView\Events</Filter>
    </ClInclude>
    <ClInclude Include="src\DawnView\Events\MouseEvent.h">
      <Filter>DawnView\Events</Filter>
    </ClInclude>
    <ClInclude Include="src\DawnView\Log.h">
      <Filter>DawnView</Filter>
    </ClInclude>
    <ClInclude Include="src\dvpch.h" />
  </ItemGroup>
  <ItemGroup>
    <ClCompile Include="src\DawnView\Application.cpp">
      <Filter>DawnView</Filter>
    </ClCompile>
    <ClCompile Include="src\DawnView\Log.cpp">
      <Filter>DawnView</Filter>
    </ClCompile>
    <ClCompile Include="src\dvpch.cpp" />
  </ItemGroup>
</Project>